
Microsoft Visual Studio Solution File, Format Version 12.00
# Visual Studio Version 17
VisualStudioVersion = 17.14.36511.14 d17.14
MinimumVisualStudioVersion = 10.0.40219.1
Project("{FAE04EC0-301F-11D3-BF4B-00C04F79EFBC}") = "finalProject", "finalProject\finalProject.csproj", "{79024ECD-3782-4D38-86A1-D9549652B92C}"
EndProject
Global
	GlobalSection(SolutionConfigurationPlatforms) = preSolution
		Debug|Any CPU = Debug|Any CPU
		Release|Any CPU = Release|Any CPU
	EndGlobalSection
	GlobalSection(ProjectConfigurationPlatforms) = postSolution
		{79024ECD-3782-4D38-86A1-D9549652B92C}.Debug|Any CPU.ActiveCfg = Debug|Any CPU
		{79024ECD-3782-4D38-86A1-D9549652B92C}.Debug|Any CPU.Build.0 = Debug|Any CPU
		{79024ECD-3782-4D38-86A1-D9549652B92C}.Release|Any CPU.ActiveCfg = Release|Any CPU
		{79024ECD-3782-4D38-86A1-D9549652B92C}.Release|Any CPU.Build.0 = Release|Any CPU
	EndGlobalSection
	GlobalSection(SolutionProperties) = preSolution
		HideSolutionNode = FALSE
	EndGlobalSection
	GlobalSection(ExtensibilityGlobals) = postSolution
		SolutionGuid = {F5BF285A-431C-4AA8-B8FB-58A3045DBB27}
	EndGlobalSection
EndGlobal
